
Microsoft Visual Studio Solution File, Format Version 12.00
# Visual Studio 2013
VisualStudioVersion = 12.0.31101.0
MinimumVisualStudioVersion = 10.0.40219.1
Project("{FAE04EC0-301F-11D3-BF4B-00C04F79EFBC}") = "WebApp", "WebApp\WebApp.csproj", "{553D599E-2728-4F72-BF7D-DD9C59B6AD3D}"
EndProject
Project("{00D1A9C2-B5F0-4AF3-8072-F6C62B433612}") = "Tracker_Core", "DatabaseLayer\Tracker_Core.sqlproj", "{43BCEEC2-A2BD-48A5-9D2C-6BB59A1565C0}"
EndProject
Project("{2150E333-8FDC-42A3-9474-1A3956D46DE8}") = "Database", "Database", "{EBD0584C-82B2-4FFB-8E2A-68E679007A91}"
EndProject
Project("{00D1A9C2-B5F0-4AF3-8072-F6C62B433612}") = "Database_home", "Database_home\Database_home.sqlproj", "{EFF1DDB0-D6FD-4A06-86CC-1499BC188EC7}"
EndProject
Global
	GlobalSection(SolutionConfigurationPlatforms) = preSolution
		Debug|Any CPU = Debug|Any CPU
		Release|Any CPU = Release|Any CPU
	EndGlobalSection
	GlobalSection(ProjectConfigurationPlatforms) = postSolution
		{553D599E-2728-4F72-BF7D-DD9C59B6AD3D}.Debug|Any CPU.ActiveCfg = Debug|Any CPU
		{553D599E-2728-4F72-BF7D-DD9C59B6AD3D}.Debug|Any CPU.Build.0 = Debug|Any CPU
		{553D599E-2728-4F72-BF7D-DD9C59B6AD3D}.Release|Any CPU.ActiveCfg = Release|Any CPU
		{43BCEEC2-A2BD-48A5-9D2C-6BB59A1565C0}.Debug|Any CPU.ActiveCfg = Debug|Any CPU
		{43BCEEC2-A2BD-48A5-9D2C-6BB59A1565C0}.Debug|Any CPU.Build.0 = Debug|Any CPU
		{43BCEEC2-A2BD-48A5-9D2C-6BB59A1565C0}.Debug|Any CPU.Deploy.0 = Debug|Any CPU
		{43BCEEC2-A2BD-48A5-9D2C-6BB59A1565C0}.Release|Any CPU.ActiveCfg = Release|Any CPU
		{43BCEEC2-A2BD-48A5-9D2C-6BB59A1565C0}.Release|Any CPU.Build.0 = Release|Any CPU
		{43BCEEC2-A2BD-48A5-9D2C-6BB59A1565C0}.Release|Any CPU.Deploy.0 = Release|Any CPU
		{EFF1DDB0-D6FD-4A06-86CC-1499BC188EC7}.Debug|Any CPU.ActiveCfg = Debug|Any CPU
		{EFF1DDB0-D6FD-4A06-86CC-1499BC188EC7}.Debug|Any CPU.Build.0 = Debug|Any CPU
		{EFF1DDB0-D6FD-4A06-86CC-1499BC188EC7}.Debug|Any CPU.Deploy.0 = Debug|Any CPU
		{EFF1DDB0-D6FD-4A06-86CC-1499BC188EC7}.Release|Any CPU.ActiveCfg = Release|Any CPU
		{EFF1DDB0-D6FD-4A06-86CC-1499BC188EC7}.Release|Any CPU.Build.0 = Release|Any CPU
		{EFF1DDB0-D6FD-4A06-86CC-1499BC188EC7}.Release|Any CPU.Deploy.0 = Release|Any CPU
	EndGlobalSection
	GlobalSection(SolutionProperties) = preSolution
		HideSolutionNode = FALSE
	EndGlobalSection
	GlobalSection(NestedProjects) = preSolution
		{43BCEEC2-A2BD-48A5-9D2C-6BB59A1565C0} = {EBD0584C-82B2-4FFB-8E2A-68E679007A91}
		{EFF1DDB0-D6FD-4A06-86CC-1499BC188EC7} = {EBD0584C-82B2-4FFB-8E2A-68E679007A91}
	EndGlobalSection
EndGlobal
